
Microsoft Visual Studio Solution File, Format Version 12.00
# Visual Studio Version 17
VisualStudioVersion = 17.12.35707.178 d17.12
MinimumVisualStudioVersion = 10.0.40219.1
Project("{FAE04EC0-301F-11D3-BF4B-00C04F79EFBC}") = "PresentationLayer", "PresentationLayer.csproj", "{A71A64AE-DBC9-4149-AC2D-42A27581B5EE}"
EndProject
Project("{FAE04EC0-301F-11D3-BF4B-00C04F79EFBC}") = "FeatureLayer", "..\FeatureLayer\FeatureLayer.csproj", "{9610B2F9-9255-4DD6-B2E0-A3F0A659D3E8}"
EndProject
Project("{FAE04EC0-301F-11D3-BF4B-00C04F79EFBC}") = "BusinessLayer", "..\BusinessLayer\BusinessLayer.csproj", "{EE582C74-BEF8-4C09-914F-68F986AE9B64}"
EndProject
Project("{FAE04EC0-301F-11D3-BF4B-00C04F79EFBC}") = "DataLayer", "..\DataLayer\DataLayer.csproj", "{B0FC95E3-CFDE-4D9C-8EF5-11A31768BE8B}"
EndProject
Global
	GlobalSection(SolutionConfigurationPlatforms) = preSolution
		Debug|Any CPU = Debug|Any CPU
		Release|Any CPU = Release|Any CPU
	EndGlobalSection
	GlobalSection(ProjectConfigurationPlatforms) = postSolution
		{A71A64AE-DBC9-4149-AC2D-42A27581B5EE}.Debug|Any CPU.ActiveCfg = Debug|Any CPU
		{A71A64AE-DBC9-4149-AC2D-42A27581B5EE}.Debug|Any CPU.Build.0 = Debug|Any CPU
		{A71A64AE-DBC9-4149-AC2D-42A27581B5EE}.Release|Any CPU.ActiveCfg = Release|Any CPU
		{A71A64AE-DBC9-4149-AC2D-42A27581B5EE}.Release|Any CPU.Build.0 = Release|Any CPU
		{9610B2F9-9255-4DD6-B2E0-A3F0A659D3E8}.Debug|Any CPU.ActiveCfg = Debug|Any CPU
		{9610B2F9-9255-4DD6-B2E0-A3F0A659D3E8}.Debug|Any CPU.Build.0 = Debug|Any CPU
		{9610B2F9-9255-4DD6-B2E0-A3F0A659D3E8}.Release|Any CPU.ActiveCfg = Release|Any CPU
		{9610B2F9-9255-4DD6-B2E0-A3F0A659D3E8}.Release|Any CPU.Build.0 = Release|Any CPU
		{EE582C74-BEF8-4C09-914F-68F986AE9B64}.Debug|Any CPU.ActiveCfg = Debug|Any CPU
		{EE582C74-BEF8-4C09-914F-68F986AE9B64}.Debug|Any CPU.Build.0 = Debug|Any CPU
		{EE582C74-BEF8-4C09-914F-68F986AE9B64}.Release|Any CPU.ActiveCfg = Release|Any CPU
		{EE582C74-BEF8-4C09-914F-68F986AE9B64}.Release|Any CPU.Build.0 = Release|Any CPU
		{B0FC95E3-CFDE-4D9C-8EF5-11A31768BE8B}.Debug|Any CPU.ActiveCfg = Debug|Any CPU
		{B0FC95E3-CFDE-4D9C-8EF5-11A31768BE8B}.Debug|Any CPU.Build.0 = Debug|Any CPU
		{B0FC95E3-CFDE-4D9C-8EF5-11A31768BE8B}.Release|Any CPU.ActiveCfg = Release|Any CPU
		{B0FC95E3-CFDE-4D9C-8EF5-11A31768BE8B}.Release|Any CPU.Build.0 = Release|Any CPU
	EndGlobalSection
	GlobalSection(SolutionProperties) = preSolution
		HideSolutionNode = FALSE
	EndGlobalSection
EndGlobal
